
Microsoft Visual Studio Solution File, Format Version 12.00
# Visual Studio Version 17
VisualStudioVersion = 17.2.32505.173
MinimumVisualStudioVersion = 10.0.40219.1
Project("{FAE04EC0-301F-11D3-BF4B-00C04F79EFBC}") = "ManejoPresupuesto", "ManejoPresupuesto\ManejoPresupuesto.csproj", "{BF920918-BDA1-4C8D-A917-87508622F99E}"
EndProject
Global
	GlobalSection(SolutionConfigurationPlatforms) = preSolution
		Debug|Any CPU = Debug|Any CPU
		Release|Any CPU = Release|Any CPU
	EndGlobalSection
	GlobalSection(ProjectConfigurationPlatforms) = postSolution
		{BF920918-BDA1-4C8D-A917-87508622F99E}.Debug|Any CPU.ActiveCfg = Debug|Any CPU
		{BF920918-BDA1-4C8D-A917-87508622F99E}.Debug|Any CPU.Build.0 = Debug|Any CPU
		{BF920918-BDA1-4C8D-A917-87508622F99E}.Release|Any CPU.ActiveCfg = Release|Any CPU
		{BF920918-BDA1-4C8D-A917-87508622F99E}.Release|Any CPU.Build.0 = Release|Any CPU
	EndGlobalSection
	GlobalSection(SolutionProperties) = preSolution
		HideSolutionNode = FALSE
	EndGlobalSection
	GlobalSection(ExtensibilityGlobals) = postSolution
		SolutionGuid = {917CE88F-2BCF-48C5-927A-57CAB81974E1}
	EndGlobalSection
EndGlobal
